Microsoft Visual Studio Solution File, Format Version 12.00
# Visual Studio Version 17
VisualStudioVersion = 17.5.2.0
MinimumVisualStudioVersion = 10.0.40219.1
Project("{2150E333-8FDC-42A3-9474-1A3956D46DE8}") = "AZ-2007-Accelerate-app-development-by-using-GitHub-Copilot", "AZ-2007-Accelerate-app-development-by-using-GitHub-Copilot", "{7742F209-FC8F-83AE-D7FB-2882607498D8}"
EndProject
Project("{2150E333-8FDC-42A3-9474-1A3956D46DE8}") = "LearnModuleExercises", "LearnModuleExercises", "{72C93EA9-2D66-D8EB-43C1-6F2F0817DCA0}"
EndProject
Project("{2150E333-8FDC-42A3-9474-1A3956D46DE8}") = "SampleApps", "SampleApps", "{3B9AC7C4-6054-A58A-004C-E7E38AD144BC}"
EndProject
Project("{FAE04EC0-301F-11D3-BF4B-00C04F79EFBC}") = "APL2007M2Sample2", "AZ-2007-Accelerate-app-development-by-using-GitHub-Copilot\LearnModuleExercises\SampleApps\APL2007M2Sample2\APL2007M2Sample2.csproj", "{03CF3D25-2C04-D981-E3A6-5DAE203FA404}"
EndProject
Project("{FAE04EC0-301F-11D3-BF4B-00C04F79EFBC}") = "APL2007M3SalesReport", "AZ-2007-Accelerate-app-development-by-using-GitHub-Copilot\LearnModuleExercises\SampleApps\APL2007M3SalesReport-CodeLogicChallenge\APL2007M3SalesReport.csproj", "{0FE5568D-9914-78FF-9CA5-CB4A1938A4DC}"
EndProject
Project("{FAE04EC0-301F-11D3-BF4B-00C04F79EFBC}") = "APL2007M3SalesReport-InlineChat", "AZ-2007-Accelerate-app-development-by-using-GitHub-Copilot\LearnModuleExercises\SampleApps\APL2007M3SalesReport-InlineChat\APL2007M3SalesReport-InlineChat.csproj", "{DFC7E02B-1E18-3B68-FF87-8EAFA3EBAE7F}"
EndProject
Project("{FAE04EC0-301F-11D3-BF4B-00C04F79EFBC}") = "APL2007M3SalesReport-NewCodeChallenge", "AZ-2007-Accelerate-app-development-by-using-GitHub-Copilot\LearnModuleExercises\SampleApps\APL2007M3SalesReport-NewCodeChallenge\APL2007M3SalesReport-NewCodeChallenge.csproj", "{0D7FA69C-C00D-54A5-EC3E-0C6559630D0C}"
EndProject
Project("{FAE04EC0-301F-11D3-BF4B-00C04F79EFBC}") = "APL2007M5", "AZ-2007-Accelerate-app-development-by-using-GitHub-Copilot\LearnModuleExercises\SampleApps\APL2007M5SalesReport\APL2007M5.csproj", "{DBFDFA6E-205F-1868-4B54-2818FD079D9E}"
EndProject
Project("{FAE04EC0-301F-11D3-BF4B-00C04F79EFBC}") = "APL2007M2Sample1", "AZ-2007-Accelerate-app-development-by-using-GitHub-Copilot\LearnModuleExercises\SampleApps\APL2007M2Sample1\APL2007M2Sample1.csproj", "{971B7471-8284-998D-73C6-B1B2D83C4A48}"
EndProject
Project("{FAE04EC0-301F-11D3-BF4B-00C04F79EFBC}") = "APL2007M3SalesReport-SalesOrders", "AZ-2007-Accelerate-app-development-by-using-GitHub-Copilot\LearnModuleExercises\SampleApps\APL2007M3SalesReport-SalesOrders\APL2007M3SalesReport-SalesOrders.csproj", "{A39E9CFD-1D1F-E335-A398-A668768D8809}"
EndProject
Project("{2150E333-8FDC-42A3-9474-1A3956D46DE8}") = "APL2007M4SalesReport", "APL2007M4SalesReport", "{096DE629-48D4-0390-2138-457160E8A714}"
EndProject
Project("{FAE04EC0-301F-11D3-BF4B-00C04F79EFBC}") = "APL2007M4", "AZ-2007-Accelerate-app-development-by-using-GitHub-Copilot\LearnModuleExercises\SampleApps\APL2007M4SalesReport\SalesReportApp\APL2007M4.csproj", "{54EB1D2C-71CB-025F-EAE7-DA62DB3A5DA8}"
EndProject
Project("{2150E333-8FDC-42A3-9474-1A3956D46DE8}") = "APL2007M5BankAccount", "APL2007M5BankAccount", "{FA5B1E1C-7784-EB4E-D28B-F34B7B8786A5}"
EndProject
Project("{FAE04EC0-301F-11D3-BF4B-00C04F79EFBC}") = "BankAccount", "AZ-2007-Accelerate-app-development-by-using-GitHub-Copilot\LearnModuleExercises\SampleApps\APL2007M5BankAccount\BankAccountClass\BankAccount.csproj", "{6C7655AE-B127-EA53-F3E4-4E1815DC1687}"
EndProject
Project("{FAE04EC0-301F-11D3-BF4B-00C04F79EFBC}") = "BankAccount.UnitTests", "AZ-2007-Accelerate-app-development-by-using-GitHub-Copilot\LearnModuleExercises\SampleApps\APL2007M5BankAccount\BankAccount.UnitTests\BankAccount.UnitTests.csproj", "{F06A68F9-298A-9F88-1AC7-4932E6756535}"
EndProject
Project("{2150E333-8FDC-42A3-9474-1A3956D46DE8}") = "APL2007M4PrimeService", "APL2007M4PrimeService", "{9D36D8B5-2A77-A907-924A-DB9B855E7419}"
EndProject
Project("{FAE04EC0-301F-11D3-BF4B-00C04F79EFBC}") = "Numbers", "AZ-2007-Accelerate-app-development-by-using-GitHub-Copilot\LearnModuleExercises\SampleApps\APL2007M4PrimeService\Numbers\Numbers.csproj", "{7D2A115B-93CD-76CD-ACBD-EC18B9E8B03A}"
EndProject
Project("{2150E333-8FDC-42A3-9474-1A3956D46DE8}") = "APL2007M4PrimeService-UnitTests", "APL2007M4PrimeService-UnitTests", "{5E5B064B-46DF-6AD1-EAC0-DD009C4F0906}"
EndProject
Project("{FAE04EC0-301F-11D3-BF4B-00C04F79EFBC}") = "Numbers", "AZ-2007-Accelerate-app-development-by-using-GitHub-Copilot\LearnModuleExercises\SampleApps\APL2007M4PrimeService-UnitTests\Numbers\Numbers.csproj", "{BF8F1F09-52F6-211B-2C6E-B8EC1A49B2F2}"
EndProject
Project("{FAE04EC0-301F-11D3-BF4B-00C04F79EFBC}") = "PrimeService.UnitTests", "AZ-2007-Accelerate-app-development-by-using-GitHub-Copilot\LearnModuleExercises\SampleApps\APL2007M4PrimeService-UnitTests\PrimeService.UnitTests\PrimeService.UnitTests.csproj", "{59872291-4FB3-0C9F-86F0-FA1D0492C927}"
EndProject
Project("{2150E333-8FDC-42A3-9474-1A3956D46DE8}") = "APL2007M4BankAccount", "APL2007M4BankAccount", "{15C93204-1C97-72ED-C350-F062BCE4F1BD}"
EndProject
Project("{FAE04EC0-301F-11D3-BF4B-00C04F79EFBC}") = "BankAccount", "AZ-2007-Accelerate-app-development-by-using-GitHub-Copilot\LearnModuleExercises\SampleApps\APL2007M4BankAccount\BankAccountClass\BankAccount.csproj", "{67C779FB-3338-CF0A-215E-D7003332B571}"
EndProject
Project("{2150E333-8FDC-42A3-9474-1A3956D46DE8}") = "APL2007M5BankAccount-Security", "APL2007M5BankAccount-Security", "{4188DDD8-89AF-217A-F8CE-15796175F4E3}"
EndProject
Project("{FAE04EC0-301F-11D3-BF4B-00C04F79EFBC}") = "BankAccount", "AZ-2007-Accelerate-app-development-by-using-GitHub-Copilot\LearnModuleExercises\SampleApps\APL2007M5BankAccount-Security\BankAccountClass\BankAccount.csproj", "{C0C77EC9-5249-F465-5605-66F35EA1B43E}"
EndProject
Project("{FAE04EC0-301F-11D3-BF4B-00C04F79EFBC}") = "BankAccount.UnitTests", "AZ-2007-Accelerate-app-development-by-using-GitHub-Copilot\LearnModuleExercises\SampleApps\APL2007M5BankAccount-Security\BankAccount.UnitTests\BankAccount.UnitTests.csproj", "{8743AA3F-39AB-BDA3-E973-6B68385D6C53}"
EndProject
Project("{2150E333-8FDC-42A3-9474-1A3956D46DE8}") = "APL2007M5BankAccount-Reliability", "APL2007M5BankAccount-Reliability", "{0E6EED5B-BE7A-02D6-BD22-5962CA1838D8}"
EndProject
Project("{FAE04EC0-301F-11D3-BF4B-00C04F79EFBC}") = "BankAccount", "AZ-2007-Accelerate-app-development-by-using-GitHub-Copilot\LearnModuleExercises\SampleApps\APL2007M5BankAccount-Reliability\BankAccountClass\BankAccount.csproj", "{0D9431CD-E079-47AD-26E6-8BF91DEC1EBD}"
EndProject
Project("{FAE04EC0-301F-11D3-BF4B-00C04F79EFBC}") = "BankAccount.UnitTests", "AZ-2007-Accelerate-app-development-by-using-GitHub-Copilot\LearnModuleExercises\SampleApps\APL2007M5BankAccount-Reliability\BankAccount.UnitTests\BankAccount.UnitTests.csproj", "{FA9C1D80-9288-7030-A9D8-99A703AE543D}"
EndProject
Project("{2150E333-8FDC-42A3-9474-1A3956D46DE8}") = "GuidedProject", "GuidedProject", "{CDD34CCC-314F-E4DA-D60F-A758A085395D}"
EndProject
Project("{2150E333-8FDC-42A3-9474-1A3956D46DE8}") = "AccelerateDevGitHubCopilot", "AccelerateDevGitHubCopilot", "{4839ED84-7D9E-6F0E-F9EA-37A7A8A7E1D4}"
EndProject
Project("{2150E333-8FDC-42A3-9474-1A3956D46DE8}") = "tests", "tests", "{811685BA-A320-D334-634C-02F88497B760}"
EndProject
Project("{FAE04EC0-301F-11D3-BF4B-00C04F79EFBC}") = "UnitTests", "AZ-2007-Accelerate-app-development-by-using-GitHub-Copilot\LearnModuleExercises\GuidedProject\AccelerateDevGitHubCopilot\tests\UnitTests\UnitTests.csproj", "{8BFF2794-20BF-2038-E7CA-E63A16E22DF7}"
EndProject
Project("{2150E333-8FDC-42A3-9474-1A3956D46DE8}") = "src", "src", "{82E14DB9-92E4-A6F5-E19E-4CB86E6974ED}"
EndProject
Project("{FAE04EC0-301F-11D3-BF4B-00C04F79EFBC}") = "Library.Console", "AZ-2007-Accelerate-app-development-by-using-GitHub-Copilot\LearnModuleExercises\GuidedProject\AccelerateDevGitHubCopilot\src\Library.Console\Library.Console.csproj", "{5E987A52-6F10-FE53-886D-61371130B90E}"
EndProject
Project("{FAE04EC0-301F-11D3-BF4B-00C04F79EFBC}") = "Library.ApplicationCore", "AZ-2007-Accelerate-app-development-by-using-GitHub-Copilot\LearnModuleExercises\GuidedProject\AccelerateDevGitHubCopilot\src\Library.ApplicationCore\Library.ApplicationCore.csproj", "{2EF3B62B-BE03-38FE-2BFC-9C37AACC85BA}"
EndProject
Project("{FAE04EC0-301F-11D3-BF4B-00C04F79EFBC}") = "Library.Infrastructure", "AZ-2007-Accelerate-app-development-by-using-GitHub-Copilot\LearnModuleExercises\GuidedProject\AccelerateDevGitHubCopilot\src\Library.Infrastructure\Library.Infrastructure.csproj", "{4F036537-B90A-D356-3EA1-E61702910599}"
EndProject
Global
	GlobalSection(SolutionConfigurationPlatforms) = preSolution
		Debug|Any CPU = Debug|Any CPU
		Release|Any CPU = Release|Any CPU
	EndGlobalSection
	GlobalSection(ProjectConfigurationPlatforms) = postSolution
		{03CF3D25-2C04-D981-E3A6-5DAE203FA404}.Debug|Any CPU.ActiveCfg = Debug|Any CPU
		{03CF3D25-2C04-D981-E3A6-5DAE203FA404}.Debug|Any CPU.Build.0 = Debug|Any CPU
		{03CF3D25-2C04-D981-E3A6-5DAE203FA404}.Release|Any CPU.ActiveCfg = Release|Any CPU
		{03CF3D25-2C04-D981-E3A6-5DAE203FA404}.Release|Any CPU.Build.0 = Release|Any CPU
		{0FE5568D-9914-78FF-9CA5-CB4A1938A4DC}.Debug|Any CPU.ActiveCfg = Debug|Any CPU
		{0FE5568D-9914-78FF-9CA5-CB4A1938A4DC}.Debug|Any CPU.Build.0 = Debug|Any CPU
		{0FE5568D-9914-78FF-9CA5-CB4A1938A4DC}.Release|Any CPU.ActiveCfg = Release|Any CPU
		{0FE5568D-9914-78FF-9CA5-CB4A1938A4DC}.Release|Any CPU.Build.0 = Release|Any CPU
		{DFC7E02B-1E18-3B68-FF87-8EAFA3EBAE7F}.Debug|Any CPU.ActiveCfg = Debug|Any CPU
		{DFC7E02B-1E18-3B68-FF87-8EAFA3EBAE7F}.Debug|Any CPU.Build.0 = Debug|Any CPU
		{DFC7E02B-1E18-3B68-FF87-8EAFA3EBAE7F}.Release|Any CPU.ActiveCfg = Release|Any CPU
		{DFC7E02B-1E18-3B68-FF87-8EAFA3EBAE7F}.Release|Any CPU.Build.0 = Release|Any CPU
		{0D7FA69C-C00D-54A5-EC3E-0C6559630D0C}.Debug|Any CPU.ActiveCfg = Debug|Any CPU
		{0D7FA69C-C00D-54A5-EC3E-0C6559630D0C}.Debug|Any CPU.Build.0 = Debug|Any CPU
		{0D7FA69C-C00D-54A5-EC3E-0C6559630D0C}.Release|Any CPU.ActiveCfg = Release|Any CPU
		{0D7FA69C-C00D-54A5-EC3E-0C6559630D0C}.Release|Any CPU.Build.0 = Release|Any CPU
		{DBFDFA6E-205F-1868-4B54-2818FD079D9E}.Debug|Any CPU.ActiveCfg = Debug|Any CPU
		{DBFDFA6E-205F-1868-4B54-2818FD079D9E}.Debug|Any CPU.Build.0 = Debug|Any CPU
		{DBFDFA6E-205F-1868-4B54-2818FD079D9E}.Release|Any CPU.ActiveCfg = Release|Any CPU
		{DBFDFA6E-205F-1868-4B54-2818FD079D9E}.Release|Any CPU.Build.0 = Release|Any CPU
		{971B7471-8284-998D-73C6-B1B2D83C4A48}.Debug|Any CPU.ActiveCfg = Debug|Any CPU
		{971B7471-8284-998D-73C6-B1B2D83C4A48}.Debug|Any CPU.Build.0 = Debug|Any CPU
		{971B7471-8284-998D-73C6-B1B2D83C4A48}.Release|Any CPU.ActiveCfg = Release|Any CPU
		{971B7471-8284-998D-73C6-B1B2D83C4A48}.Release|Any CPU.Build.0 = Release|Any CPU
		{A39E9CFD-1D1F-E335-A398-A668768D8809}.Debug|Any CPU.ActiveCfg = Debug|Any CPU
		{A39E9CFD-1D1F-E335-A398-A668768D8809}.Debug|Any CPU.Build.0 = Debug|Any CPU
		{A39E9CFD-1D1F-E335-A398-A668768D8809}.Release|Any CPU.ActiveCfg = Release|Any CPU
		{A39E9CFD-1D1F-E335-A398-A668768D8809}.Release|Any CPU.Build.0 = Release|Any CPU
		{54EB1D2C-71CB-025F-EAE7-DA62DB3A5DA8}.Debug|Any CPU.ActiveCfg = Debug|Any CPU
		{54EB1D2C-71CB-025F-EAE7-DA62DB3A5DA8}.Debug|Any CPU.Build.0 = Debug|Any CPU
		{54EB1D2C-71CB-025F-EAE7-DA62DB3A5DA8}.Release|Any CPU.ActiveCfg = Release|Any CPU
		{54EB1D2C-71CB-025F-EAE7-DA62DB3A5DA8}.Release|Any CPU.Build.0 = Release|Any CPU
		{6C7655AE-B127-EA53-F3E4-4E1815DC1687}.Debug|Any CPU.ActiveCfg = Debug|Any CPU
		{6C7655AE-B127-EA53-F3E4-4E1815DC1687}.Debug|Any CPU.Build.0 = Debug|Any CPU
		{6C7655AE-B127-EA53-F3E4-4E1815DC1687}.Release|Any CPU.ActiveCfg = Release|Any CPU
		{6C7655AE-B127-EA53-F3E4-4E1815DC1687}.Release|Any CPU.Build.0 = Release|Any CPU
		{F06A68F9-298A-9F88-1AC7-4932E6756535}.Debug|Any CPU.ActiveCfg = Debug|Any CPU
		{F06A68F9-298A-9F88-1AC7-4932E6756535}.Debug|Any CPU.Build.0 = Debug|Any CPU
		{F06A68F9-298A-9F88-1AC7-4932E6756535}.Release|Any CPU.ActiveCfg = Release|Any CPU
		{F06A68F9-298A-9F88-1AC7-4932E6756535}.Release|Any CPU.Build.0 = Release|Any CPU
		{7D2A115B-93CD-76CD-ACBD-EC18B9E8B03A}.Debug|Any CPU.ActiveCfg = Debug|Any CPU
		{7D2A115B-93CD-76CD-ACBD-EC18B9E8B03A}.Debug|Any CPU.Build.0 = Debug|Any CPU
		{7D2A115B-93CD-76CD-ACBD-EC18B9E8B03A}.Release|Any CPU.ActiveCfg = Release|Any CPU
		{7D2A115B-93CD-76CD-ACBD-EC18B9E8B03A}.Release|Any CPU.Build.0 = Release|Any CPU
		{BF8F1F09-52F6-211B-2C6E-B8EC1A49B2F2}.Debug|Any CPU.ActiveCfg = Debug|Any CPU
		{BF8F1F09-52F6-211B-2C6E-B8EC1A49B2F2}.Debug|Any CPU.Build.0 = Debug|Any CPU
		{BF8F1F09-52F6-211B-2C6E-B8EC1A49B2F2}.Release|Any CPU.ActiveCfg = Release|Any CPU
		{BF8F1F09-52F6-211B-2C6E-B8EC1A49B2F2}.Release|Any CPU.Build.0 = Release|Any CPU
		{59872291-4FB3-0C9F-86F0-FA1D0492C927}.Debug|Any CPU.ActiveCfg = Debug|Any CPU
		{59872291-4FB3-0C9F-86F0-FA1D0492C927}.Debug|Any CPU.Build.0 = Debug|Any CPU
		{59872291-4FB3-0C9F-86F0-FA1D0492C927}.Release|Any CPU.ActiveCfg = Release|Any CPU
		{59872291-4FB3-0C9F-86F0-FA1D0492C927}.Release|Any CPU.Build.0 = Release|Any CPU
		{67C779FB-3338-CF0A-215E-D7003332B571}.Debug|Any CPU.ActiveCfg = Debug|Any CPU
		{67C779FB-3338-CF0A-215E-D7003332B571}.Debug|Any CPU.Build.0 = Debug|Any CPU
		{67C779FB-3338-CF0A-215E-D7003332B571}.Release|Any CPU.ActiveCfg = Release|Any CPU
		{67C779FB-3338-CF0A-215E-D7003332B571}.Release|Any CPU.Build.0 = Release|Any CPU
		{C0C77EC9-5249-F465-5605-66F35EA1B43E}.Debug|Any CPU.ActiveCfg = Debug|Any CPU
		{C0C77EC9-5249-F465-5605-66F35EA1B43E}.Debug|Any CPU.Build.0 = Debug|Any CPU
		{C0C77EC9-5249-F465-5605-66F35EA1B43E}.Release|Any CPU.ActiveCfg = Release|Any CPU
		{C0C77EC9-5249-F465-5605-66F35EA1B43E}.Release|Any CPU.Build.0 = Release|Any CPU
		{8743AA3F-39AB-BDA3-E973-6B68385D6C53}.Debug|Any CPU.ActiveCfg = Debug|Any CPU
		{8743AA3F-39AB-BDA3-E973-6B68385D6C53}.Debug|Any CPU.Build.0 = Debug|Any CPU
		{8743AA3F-39AB-BDA3-E973-6B68385D6C53}.Release|Any CPU.ActiveCfg = Release|Any CPU
		{8743AA3F-39AB-BDA3-E973-6B68385D6C53}.Release|Any CPU.Build.0 = Release|Any CPU
		{0D9431CD-E079-47AD-26E6-8BF91DEC1EBD}.Debug|Any CPU.ActiveCfg = Debug|Any CPU
		{0D9431CD-E079-47AD-26E6-8BF91DEC1EBD}.Debug|Any CPU.Build.0 = Debug|Any CPU
		{0D9431CD-E079-47AD-26E6-8BF91DEC1EBD}.Release|Any CPU.ActiveCfg = Release|Any CPU
		{0D9431CD-E079-47AD-26E6-8BF91DEC1EBD}.Release|Any CPU.Build.0 = Release|Any CPU
		{FA9C1D80-9288-7030-A9D8-99A703AE543D}.Debug|Any CPU.ActiveCfg = Debug|Any CPU
		{FA9C1D80-9288-7030-A9D8-99A703AE543D}.Debug|Any CPU.Build.0 = Debug|Any CPU
		{FA9C1D80-9288-7030-A9D8-99A703AE543D}.Release|Any CPU.ActiveCfg = Release|Any CPU
		{FA9C1D80-9288-7030-A9D8-99A703AE543D}.Release|Any CPU.Build.0 = Release|Any CPU
		{8BFF2794-20BF-2038-E7CA-E63A16E22DF7}.Debug|Any CPU.ActiveCfg = Debug|Any CPU
		{8BFF2794-20BF-2038-E7CA-E63A16E22DF7}.Debug|Any CPU.Build.0 = Debug|Any CPU
		{8BFF2794-20BF-2038-E7CA-E63A16E22DF7}.Release|Any CPU.ActiveCfg = Release|Any CPU
		{8BFF2794-20BF-2038-E7CA-E63A16E22DF7}.Release|Any CPU.Build.0 = Release|Any CPU
		{5E987A52-6F10-FE53-886D-61371130B90E}.Debug|Any CPU.ActiveCfg = Debug|Any CPU
		{5E987A52-6F10-FE53-886D-61371130B90E}.Debug|Any CPU.Build.0 = Debug|Any CPU
		{5E987A52-6F10-FE53-886D-61371130B90E}.Release|Any CPU.ActiveCfg = Release|Any CPU
		{5E987A52-6F10-FE53-886D-61371130B90E}.Release|Any CPU.Build.0 = Release|Any CPU
		{2EF3B62B-BE03-38FE-2BFC-9C37AACC85BA}.Debug|Any CPU.ActiveCfg = Debug|Any CPU
		{2EF3B62B-BE03-38FE-2BFC-9C37AACC85BA}.Debug|Any CPU.Build.0 = Debug|Any CPU
		{2EF3B62B-BE03-38FE-2BFC-9C37AACC85BA}.Release|Any CPU.ActiveCfg = Release|Any CPU
		{2EF3B62B-BE03-38FE-2BFC-9C37AACC85BA}.Release|Any CPU.Build.0 = Release|Any CPU
		{4F036537-B90A-D356-3EA1-E61702910599}.Debug|Any CPU.ActiveCfg = Debug|Any CPU
		{4F036537-B90A-D356-3EA1-E61702910599}.Debug|Any CPU.Build.0 = Debug|Any CPU
		{4F036537-B90A-D356-3EA1-E61702910599}.Release|Any CPU.ActiveCfg = Release|Any CPU
		{4F036537-B90A-D356-3EA1-E61702910599}.Release|Any CPU.Build.0 = Release|Any CPU
	EndGlobalSection
	GlobalSection(SolutionProperties) = preSolution
		HideSolutionNode = FALSE
	EndGlobalSection
	GlobalSection(NestedProjects) = preSolution
		{72C93EA9-2D66-D8EB-43C1-6F2F0817DCA0} = {7742F209-FC8F-83AE-D7FB-2882607498D8}
		{3B9AC7C4-6054-A58A-004C-E7E38AD144BC} = {72C93EA9-2D66-D8EB-43C1-6F2F0817DCA0}
		{03CF3D25-2C04-D981-E3A6-5DAE203FA404} = {3B9AC7C4-6054-A58A-004C-E7E38AD144BC}
		{0FE5568D-9914-78FF-9CA5-CB4A1938A4DC} = {3B9AC7C4-6054-A58A-004C-E7E38AD144BC}
		{DFC7E02B-1E18-3B68-FF87-8EAFA3EBAE7F} = {3B9AC7C4-6054-A58A-004C-E7E38AD144BC}
		{0D7FA69C-C00D-54A5-EC3E-0C6559630D0C} = {3B9AC7C4-6054-A58A-004C-E7E38AD144BC}
		{DBFDFA6E-205F-1868-4B54-2818FD079D9E} = {3B9AC7C4-6054-A58A-004C-E7E38AD144BC}
		{971B7471-8284-998D-73C6-B1B2D83C4A48} = {3B9AC7C4-6054-A58A-004C-E7E38AD144BC}
		{A39E9CFD-1D1F-E335-A398-A668768D8809} = {3B9AC7C4-6054-A58A-004C-E7E38AD144BC}
		{096DE629-48D4-0390-2138-457160E8A714} = {3B9AC7C4-6054-A58A-004C-E7E38AD144BC}
		{54EB1D2C-71CB-025F-EAE7-DA62DB3A5DA8} = {096DE629-48D4-0390-2138-457160E8A714}
		{FA5B1E1C-7784-EB4E-D28B-F34B7B8786A5} = {3B9AC7C4-6054-A58A-004C-E7E38AD144BC}
		{6C7655AE-B127-EA53-F3E4-4E1815DC1687} = {FA5B1E1C-7784-EB4E-D28B-F34B7B8786A5}
		{F06A68F9-298A-9F88-1AC7-4932E6756535} = {FA5B1E1C-7784-EB4E-D28B-F34B7B8786A5}
		{9D36D8B5-2A77-A907-924A-DB9B855E7419} = {3B9AC7C4-6054-A58A-004C-E7E38AD144BC}
		{7D2A115B-93CD-76CD-ACBD-EC18B9E8B03A} = {9D36D8B5-2A77-A907-924A-DB9B855E7419}
		{5E5B064B-46DF-6AD1-EAC0-DD009C4F0906} = {3B9AC7C4-6054-A58A-004C-E7E38AD144BC}
		{BF8F1F09-52F6-211B-2C6E-B8EC1A49B2F2} = {5E5B064B-46DF-6AD1-EAC0-DD009C4F0906}
		{59872291-4FB3-0C9F-86F0-FA1D0492C927} = {5E5B064B-46DF-6AD1-EAC0-DD009C4F0906}
		{15C93204-1C97-72ED-C350-F062BCE4F1BD} = {3B9AC7C4-6054-A58A-004C-E7E38AD144BC}
		{67C779FB-3338-CF0A-215E-D7003332B571} = {15C93204-1C97-72ED-C350-F062BCE4F1BD}
		{4188DDD8-89AF-217A-F8CE-15796175F4E3} = {3B9AC7C4-6054-A58A-004C-E7E38AD144BC}
		{C0C77EC9-5249-F465-5605-66F35EA1B43E} = {4188DDD8-89AF-217A-F8CE-15796175F4E3}
		{8743AA3F-39AB-BDA3-E973-6B68385D6C53} = {4188DDD8-89AF-217A-F8CE-15796175F4E3}
		{0E6EED5B-BE7A-02D6-BD22-5962CA1838D8} = {3B9AC7C4-6054-A58A-004C-E7E38AD144BC}
		{0D9431CD-E079-47AD-26E6-8BF91DEC1EBD} = {0E6EED5B-BE7A-02D6-BD22-5962CA1838D8}
		{FA9C1D80-9288-7030-A9D8-99A703AE543D} = {0E6EED5B-BE7A-02D6-BD22-5962CA1838D8}
		{CDD34CCC-314F-E4DA-D60F-A758A085395D} = {72C93EA9-2D66-D8EB-43C1-6F2F0817DCA0}
		{4839ED84-7D9E-6F0E-F9EA-37A7A8A7E1D4} = {CDD34CCC-314F-E4DA-D60F-A758A085395D}
		{811685BA-A320-D334-634C-02F88497B760} = {4839ED84-7D9E-6F0E-F9EA-37A7A8A7E1D4}
		{8BFF2794-20BF-2038-E7CA-E63A16E22DF7} = {811685BA-A320-D334-634C-02F88497B760}
		{82E14DB9-92E4-A6F5-E19E-4CB86E6974ED} = {4839ED84-7D9E-6F0E-F9EA-37A7A8A7E1D4}
		{5E987A52-6F10-FE53-886D-61371130B90E} = {82E14DB9-92E4-A6F5-E19E-4CB86E6974ED}
		{2EF3B62B-BE03-38FE-2BFC-9C37AACC85BA} = {82E14DB9-92E4-A6F5-E19E-4CB86E6974ED}
		{4F036537-B90A-D356-3EA1-E61702910599} = {82E14DB9-92E4-A6F5-E19E-4CB86E6974ED}
	EndGlobalSection
	GlobalSection(ExtensibilityGlobals) = postSolution
		SolutionGuid = {73F45173-BD54-4D58-9181-3CF3CEB1762B}
	EndGlobalSection
EndGlobal
